
Microsoft Visual Studio Solution File, Format Version 12.00
# Visual Studio 15
VisualStudioVersion = 15.0.27004.2010
MinimumVisualStudioVersion = 10.0.40219.1
Project("{FAE04EC0-301F-11D3-BF4B-00C04F79EFBC}") = "Wonders.Api", "Wonders.Api\Wonders.Api.csproj", "{3066321B-5FE2-4273-993E-72DF0752F7E2}"
EndProject
Project("{F5034706-568F-408A-B7B3-4D38C6DB8A32}") = "Wonders.Infra", "Wonders.Infra\Wonders.Infra.pssproj", "{6CAFC0C6-A428-4D30-A9F9-700E829FEA51}"
EndProject
Project("{151D2E53-A2C4-4D7D-83FE-D05416EBD58E}") = "Wonders.ARM", "Wonders.ARM\Wonders.ARM.deployproj", "{D1902435-C6B9-4607-AC3D-C36DC1654118}"
EndProject
Global
	GlobalSection(SolutionConfigurationPlatforms) = preSolution
		Debug|Any CPU = Debug|Any CPU
		Release|Any CPU = Release|Any CPU
	EndGlobalSection
	GlobalSection(ProjectConfigurationPlatforms) = postSolution
		{3066321B-5FE2-4273-993E-72DF0752F7E2}.Debug|Any CPU.ActiveCfg = Debug|Any CPU
		{3066321B-5FE2-4273-993E-72DF0752F7E2}.Debug|Any CPU.Build.0 = Debug|Any CPU
		{3066321B-5FE2-4273-993E-72DF0752F7E2}.Release|Any CPU.ActiveCfg = Release|Any CPU
		{3066321B-5FE2-4273-993E-72DF0752F7E2}.Release|Any CPU.Build.0 = Release|Any CPU
		{6CAFC0C6-A428-4D30-A9F9-700E829FEA51}.Debug|Any CPU.ActiveCfg = Debug|Any CPU
		{6CAFC0C6-A428-4D30-A9F9-700E829FEA51}.Debug|Any CPU.Build.0 = Debug|Any CPU
		{6CAFC0C6-A428-4D30-A9F9-700E829FEA51}.Release|Any CPU.ActiveCfg = Release|Any CPU
		{6CAFC0C6-A428-4D30-A9F9-700E829FEA51}.Release|Any CPU.Build.0 = Release|Any CPU
		{D1902435-C6B9-4607-AC3D-C36DC1654118}.Debug|Any CPU.ActiveCfg = Debug|Any CPU
		{D1902435-C6B9-4607-AC3D-C36DC1654118}.Debug|Any CPU.Build.0 = Debug|Any CPU
		{D1902435-C6B9-4607-AC3D-C36DC1654118}.Release|Any CPU.ActiveCfg = Release|Any CPU
		{D1902435-C6B9-4607-AC3D-C36DC1654118}.Release|Any CPU.Build.0 = Release|Any CPU
	EndGlobalSection
	GlobalSection(SolutionProperties) = preSolution
		HideSolutionNode = FALSE
	EndGlobalSection
	GlobalSection(ExtensibilityGlobals) = postSolution
		SolutionGuid = {0BC74D81-55B2-45FF-BCC8-1668357D58C0}
	EndGlobalSection
	GlobalSection(TeamFoundationVersionControl) = preSolution
		SccNumberOfProjects = 4
		SccEnterpriseProvider = {4CA58AB2-18FA-4F8D-95D4-32DDF27D184C}
		SccTeamFoundationServer = https://dscgit001.visualstudio.com/
		SccLocalPath0 = .
		SccProjectUniqueName1 = Wonders.Api\\Wonders.Api.csproj
		SccProjectName1 = Wonders.Api
		SccLocalPath1 = Wonders.Api
		SccProjectUniqueName2 = Wonders.Infra\\Wonders.Infra.pssproj
		SccProjectName2 = Wonders.Infra
		SccLocalPath2 = Wonders.Infra
		SccProjectUniqueName3 = Wonders.ARM\\Wonders.ARM.deployproj
		SccProjectName3 = Wonders.ARM
		SccLocalPath3 = Wonders.ARM
	EndGlobalSection
EndGlobal
